// !$*UTF8*$!
{
	archiveVersion = 1;
	classes = {
	};
	objectVersion = 56;
	objects = {

/* Begin PBXBuildFile section */
		3AB187A1296408840010B711 /* CoordinatorView.swift in Sources */ = {isa = PBXBuildFile; fileRef = 3AB187A0296408840010B711 /* CoordinatorView.swift */; };
		3AB187A3296408B40010B711 /* CoordinatorObject.swift in Sources */ = {isa = PBXBuildFile; fileRef = 3AB187A2296408B40010B711 /* CoordinatorObject.swift */; };
		3AB187A6296408FD0010B711 /* MainView.swift in Sources */ = {isa = PBXBuildFile; fileRef = 3AB187A5296408FD0010B711 /* MainView.swift */; };
		3AB187A8296409250010B711 /* MainViewModel.swift in Sources */ = {isa = PBXBuildFile; fileRef = 3AB187A7296409250010B711 /* MainViewModel.swift */; };
		3AB187AA29640AA40010B711 /* Model.swift in Sources */ = {isa = PBXBuildFile; fileRef = 3AB187A929640AA40010B711 /* Model.swift */; };
		3AB187AE296413850010B711 /* CartView.swift in Sources */ = {isa = PBXBuildFile; fileRef = 3AB187AD296413850010B711 /* CartView.swift */; };
		3AB187B02964139C0010B711 /* CartViewModel.swift in Sources */ = {isa = PBXBuildFile; fileRef = 3AB187AF2964139C0010B711 /* CartViewModel.swift */; };
		3AB187B2296415CE0010B711 /* Fonts.swift in Sources */ = {isa = PBXBuildFile; fileRef = 3AB187B1296415CE0010B711 /* Fonts.swift */; };
		3AB187B429641C8D0010B711 /* Colors.swift in Sources */ = {isa = PBXBuildFile; fileRef = 3AB187B329641C8D0010B711 /* Colors.swift */; };
		3AB187B629641F6F0010B711 /* Localization.swift in Sources */ = {isa = PBXBuildFile; fileRef = 3AB187B529641F6F0010B711 /* Localization.swift */; };
		3AB187B8296420360010B711 /* Images.swift in Sources */ = {isa = PBXBuildFile; fileRef = 3AB187B7296420360010B711 /* Images.swift */; };
		3AB187BB296424E50010B711 /* TopHomeSubView.swift in Sources */ = {isa = PBXBuildFile; fileRef = 3AB187BA296424E50010B711 /* TopHomeSubView.swift */; };
		3AB187BD296473EA0010B711 /* HomeScreenModel.swift in Sources */ = {isa = PBXBuildFile; fileRef = 3AB187BC296473EA0010B711 /* HomeScreenModel.swift */; };
		3AB187BF296483A40010B711 /* SelectHomeSubView.swift in Sources */ = {isa = PBXBuildFile; fileRef = 3AB187BE296483A40010B711 /* SelectHomeSubView.swift */; };
		3AB187C12964850C0010B711 /* HeaderView.swift in Sources */ = {isa = PBXBuildFile; fileRef = 3AB187C02964850C0010B711 /* HeaderView.swift */; };
		3AB187C32965D4E40010B711 /* PriceAndNameView.swift in Sources */ = {isa = PBXBuildFile; fileRef = 3AB187C22965D4E40010B711 /* PriceAndNameView.swift */; };
		3AB187C52965D72A0010B711 /* CircleView.swift in Sources */ = {isa = PBXBuildFile; fileRef = 3AB187C42965D72A0010B711 /* CircleView.swift */; };
		3AB187C72965DC6F0010B711 /* BestSellerView.swift in Sources */ = {isa = PBXBuildFile; fileRef = 3AB187C62965DC6F0010B711 /* BestSellerView.swift */; };
		3AB187C92965DD1D0010B711 /* SearchAndQRView.swift in Sources */ = {isa = PBXBuildFile; fileRef = 3AB187C82965DD1D0010B711 /* SearchAndQRView.swift */; };
		3AB187CB2965DD8B0010B711 /* HotSalesView.swift in Sources */ = {isa = PBXBuildFile; fileRef = 3AB187CA2965DD8B0010B711 /* HotSalesView.swift */; };
		3AB187CD2965E4800010B711 /* SelectCategoryView.swift in Sources */ = {isa = PBXBuildFile; fileRef = 3AB187CC2965E4800010B711 /* SelectCategoryView.swift */; };
		3AB187CF2965F4C80010B711 /* ModelService.swift in Sources */ = {isa = PBXBuildFile; fileRef = 3AB187CE2965F4C80010B711 /* ModelService.swift */; };
		3AB187D229660FD00010B711 /* FetchImage.swift in Sources */ = {isa = PBXBuildFile; fileRef = 3AB187D129660FD00010B711 /* FetchImage.swift */; };
		3ACF06E42963F1A9004DD16D /* ShopAppApp.swift in Sources */ = {isa = PBXBuildFile; fileRef = 3ACF06E32963F1A9004DD16D /* ShopAppApp.swift */; };
		3ACF06E82963F1AB004DD16D /* Assets.xcassets in Resources */ = {isa = PBXBuildFile; fileRef = 3ACF06E72963F1AB004DD16D /* Assets.xcassets */; };
		3ACF06EB2963F1AB004DD16D /* Preview Assets.xcassets in Resources */ = {isa = PBXBuildFile; fileRef = 3ACF06EA2963F1AB004DD16D /* Preview Assets.xcassets */; };
/* End PBXBuildFile section */

/* Begin PBXFileReference section */
		3AB187A0296408840010B711 /* CoordinatorView.swift */ = {isa = PBXFileReference; lastKnownFileType = sourcecode.swift; path = CoordinatorView.swift; sourceTree = "<group>"; };
		3AB187A2296408B40010B711 /* CoordinatorObject.swift */ = {isa = PBXFileReference; lastKnownFileType = sourcecode.swift; path = CoordinatorObject.swift; sourceTree = "<group>"; };
		3AB187A5296408FD0010B711 /* MainView.swift */ = {isa = PBXFileReference; lastKnownFileType = sourcecode.swift; path = MainView.swift; sourceTree = "<group>"; };
		3AB187A7296409250010B711 /* MainViewModel.swift */ = {isa = PBXFileReference; lastKnownFileType = sourcecode.swift; path = MainViewModel.swift; sourceTree = "<group>"; };
		3AB187A929640AA40010B711 /* Model.swift */ = {isa = PBXFileReference; lastKnownFileType = sourcecode.swift; path = Model.swift; sourceTree = "<group>"; };
		3AB187AD296413850010B711 /* CartView.swift */ = {isa = PBXFileReference; lastKnownFileType = sourcecode.swift; path = CartView.swift; sourceTree = "<group>"; };
		3AB187AF2964139C0010B711 /* CartViewModel.swift */ = {isa = PBXFileReference; lastKnownFileType = sourcecode.swift; path = CartViewModel.swift; sourceTree = "<group>"; };
		3AB187B1296415CE0010B711 /* Fonts.swift */ = {isa = PBXFileReference; lastKnownFileType = sourcecode.swift; path = Fonts.swift; sourceTree = "<group>"; };
		3AB187B329641C8D0010B711 /* Colors.swift */ = {isa = PBXFileReference; lastKnownFileType = sourcecode.swift; path = Colors.swift; sourceTree = "<group>"; };
		3AB187B529641F6F0010B711 /* Localization.swift */ = {isa = PBXFileReference; lastKnownFileType = sourcecode.swift; path = Localization.swift; sourceTree = "<group>"; };
		3AB187B7296420360010B711 /* Images.swift */ = {isa = PBXFileReference; lastKnownFileType = sourcecode.swift; path = Images.swift; sourceTree = "<group>"; };
		3AB187BA296424E50010B711 /* TopHomeSubView.swift */ = {isa = PBXFileReference; lastKnownFileType = sourcecode.swift; path = TopHomeSubView.swift; sourceTree = "<group>"; };
		3AB187BC296473EA0010B711 /* HomeScreenModel.swift */ = {isa = PBXFileReference; lastKnownFileType = sourcecode.swift; path = HomeScreenModel.swift; sourceTree = "<group>"; };
		3AB187BE296483A40010B711 /* SelectHomeSubView.swift */ = {isa = PBXFileReference; lastKnownFileType = sourcecode.swift; path = SelectHomeSubView.swift; sourceTree = "<group>"; };
		3AB187C02964850C0010B711 /* HeaderView.swift */ = {isa = PBXFileReference; lastKnownFileType = sourcecode.swift; path = HeaderView.swift; sourceTree = "<group>"; };
		3AB187C22965D4E40010B711 /* PriceAndNameView.swift */ = {isa = PBXFileReference; lastKnownFileType = sourcecode.swift; path = PriceAndNameView.swift; sourceTree = "<group>"; };
		3AB187C42965D72A0010B711 /* CircleView.swift */ = {isa = PBXFileReference; lastKnownFileType = sourcecode.swift; path = CircleView.swift; sourceTree = "<group>"; };
		3AB187C62965DC6F0010B711 /* BestSellerView.swift */ = {isa = PBXFileReference; lastKnownFileType = sourcecode.swift; path = BestSellerView.swift; sourceTree = "<group>"; };
		3AB187C82965DD1D0010B711 /* SearchAndQRView.swift */ = {isa = PBXFileReference; lastKnownFileType = sourcecode.swift; path = SearchAndQRView.swift; sourceTree = "<group>"; };
		3AB187CA2965DD8B0010B711 /* HotSalesView.swift */ = {isa = PBXFileReference; lastKnownFileType = sourcecode.swift; path = HotSalesView.swift; sourceTree = "<group>"; };
		3AB187CC2965E4800010B711 /* SelectCategoryView.swift */ = {isa = PBXFileReference; lastKnownFileType = sourcecode.swift; path = SelectCategoryView.swift; sourceTree = "<group>"; };
		3AB187CE2965F4C80010B711 /* ModelService.swift */ = {isa = PBXFileReference; lastKnownFileType = sourcecode.swift; path = ModelService.swift; sourceTree = "<group>"; };
		3AB187D129660FD00010B711 /* FetchImage.swift */ = {isa = PBXFileReference; lastKnownFileType = sourcecode.swift; path = FetchImage.swift; sourceTree = "<group>"; };
		3ACF06E02963F1A9004DD16D /* ShopApp.app */ = {isa = PBXFileReference; explicitFileType = wrapper.application; includeInIndex = 0; path = ShopApp.app; sourceTree = BUILT_PRODUCTS_DIR; };
		3ACF06E32963F1A9004DD16D /* ShopAppApp.swift */ = {isa = PBXFileReference; lastKnownFileType = sourcecode.swift; path = ShopAppApp.swift; sourceTree = "<group>"; };
		3ACF06E72963F1AB004DD16D /* Assets.xcassets */ = {isa = PBXFileReference; lastKnownFileType = folder.assetcatalog; path = Assets.xcassets; sourceTree = "<group>"; };
		3ACF06EA2963F1AB004DD16D /* Preview Assets.xcassets */ = {isa = PBXFileReference; lastKnownFileType = folder.assetcatalog; path = "Preview Assets.xcassets"; sourceTree = "<group>"; };
/* End PBXFileReference section */

/* Begin PBXFrameworksBuildPhase section */
		3ACF06DD2963F1A9004DD16D /* Frameworks */ = {
			isa = PBXFrameworksBuildPhase;
			buildActionMask = 2147483647;
			files = (
			);
			runOnlyForDeploymentPostprocessing = 0;
		};
/* End PBXFrameworksBuildPhase section */

/* Begin PBXGroup section */
		3AB187A4296408EC0010B711 /* HomeScreen */ = {
			isa = PBXGroup;
			children = (
				3AB187B9296424C70010B711 /* SubView */,
				3AB187A5296408FD0010B711 /* MainView.swift */,
				3AB187A7296409250010B711 /* MainViewModel.swift */,
				3AB187BC296473EA0010B711 /* HomeScreenModel.swift */,
			);
			path = HomeScreen;
			sourceTree = "<group>";
		};
		3AB187AB296412C10010B711 /* Coordinator */ = {
			isa = PBXGroup;
			children = (
				3AB187A0296408840010B711 /* CoordinatorView.swift */,
				3AB187A2296408B40010B711 /* CoordinatorObject.swift */,
			);
			path = Coordinator;
			sourceTree = "<group>";
		};
		3AB187AC296413690010B711 /* CartScreen */ = {
			isa = PBXGroup;
			children = (
				3AB187AD296413850010B711 /* CartView.swift */,
				3AB187AF2964139C0010B711 /* CartViewModel.swift */,
			);
			path = CartScreen;
			sourceTree = "<group>";
		};
		3AB187B9296424C70010B711 /* SubView */ = {
			isa = PBXGroup;
			children = (
				3AB187BA296424E50010B711 /* TopHomeSubView.swift */,
				3AB187C22965D4E40010B711 /* PriceAndNameView.swift */,
				3AB187C62965DC6F0010B711 /* BestSellerView.swift */,
				3AB187C82965DD1D0010B711 /* SearchAndQRView.swift */,
				3AB187CA2965DD8B0010B711 /* HotSalesView.swift */,
				3AB187CC2965E4800010B711 /* SelectCategoryView.swift */,
			);
			path = SubView;
			sourceTree = "<group>";
		};
		3AB187D029660FB80010B711 /* Helper */ = {
			isa = PBXGroup;
			children = (
				3AB187D129660FD00010B711 /* FetchImage.swift */,
			);
			path = Helper;
			sourceTree = "<group>";
		};
		3ACF06D72963F1A9004DD16D = {
			isa = PBXGroup;
			children = (
				3ACF06E22963F1A9004DD16D /* ShopApp */,
				3ACF06E12963F1A9004DD16D /* Products */,
			);
			sourceTree = "<group>";
		};
		3ACF06E12963F1A9004DD16D /* Products */ = {
			isa = PBXGroup;
			children = (
				3ACF06E02963F1A9004DD16D /* ShopApp.app */,
			);
			name = Products;
			sourceTree = "<group>";
		};
		3ACF06E22963F1A9004DD16D /* ShopApp */ = {
			isa = PBXGroup;
			children = (
				3ACF06F22963F21F004DD16D /* Sources */,
				3ACF06F12963F1EB004DD16D /* Resources */,
				3ACF06E92963F1AB004DD16D /* Preview Content */,
			);
			path = ShopApp;
			sourceTree = "<group>";
		};
		3ACF06E92963F1AB004DD16D /* Preview Content */ = {
			isa = PBXGroup;
			children = (
				3ACF06EA2963F1AB004DD16D /* Preview Assets.xcassets */,
			);
			path = "Preview Content";
			sourceTree = "<group>";
		};
		3ACF06F12963F1EB004DD16D /* Resources */ = {
			isa = PBXGroup;
			children = (
				3ACF06E72963F1AB004DD16D /* Assets.xcassets */,
			);
			path = Resources;
			sourceTree = "<group>";
		};
		3ACF06F22963F21F004DD16D /* Sources */ = {
			isa = PBXGroup;
			children = (
				3AB187D029660FB80010B711 /* Helper */,
				3AB187BE296483A40010B711 /* SelectHomeSubView.swift */,
				3ACF06F52963F2A7004DD16D /* Common */,
				3ACF06F42963F27E004DD16D /* Module */,
				3ACF06F32963F279004DD16D /* App */,
			);
			path = Sources;
			sourceTree = "<group>";
		};
		3ACF06F32963F279004DD16D /* App */ = {
			isa = PBXGroup;
			children = (
				3ACF06E32963F1A9004DD16D /* ShopAppApp.swift */,
			);
			path = App;
			sourceTree = "<group>";
		};
		3ACF06F42963F27E004DD16D /* Module */ = {
			isa = PBXGroup;
			children = (
				3AB187AB296412C10010B711 /* Coordinator */,
				3AB187A4296408EC0010B711 /* HomeScreen */,
				3AB187AC296413690010B711 /* CartScreen */,
			);
			path = Module;
			sourceTree = "<group>";
		};
		3ACF06F52963F2A7004DD16D /* Common */ = {
			isa = PBXGroup;
			children = (
				3AB187A929640AA40010B711 /* Model.swift */,
				3AB187CE2965F4C80010B711 /* ModelService.swift */,
				3ACF06F72963F2C1004DD16D /* Constant */,
				3ACF06F62963F2BC004DD16D /* View */,
			);
			path = Common;
			sourceTree = "<group>";
		};
		3ACF06F62963F2BC004DD16D /* View */ = {
			isa = PBXGroup;
			children = (
				3AB187C42965D72A0010B711 /* CircleView.swift */,
				3AB187C02964850C0010B711 /* HeaderView.swift */,
			);
			path = View;
			sourceTree = "<group>";
		};
		3ACF06F72963F2C1004DD16D /* Constant */ = {
			isa = PBXGroup;
			children = (
				3AB187B1296415CE0010B711 /* Fonts.swift */,
				3AB187B329641C8D0010B711 /* Colors.swift */,
				3AB187B529641F6F0010B711 /* Localization.swift */,
				3AB187B7296420360010B711 /* Images.swift */,
			);
			path = Constant;
			sourceTree = "<group>";
		};
/* End PBXGroup section */

/* Begin PBXNativeTarget section */
		3ACF06DF2963F1A9004DD16D /* ShopApp */ = {
			isa = PBXNativeTarget;
			buildConfigurationList = 3ACF06EE2963F1AB004DD16D /* Build configuration list for PBXNativeTarget "ShopApp" */;
			buildPhases = (
				3ACF06DC2963F1A9004DD16D /* Sources */,
				3ACF06DD2963F1A9004DD16D /* Frameworks */,
				3ACF06DE2963F1A9004DD16D /* Resources */,
			);
			buildRules = (
			);
			dependencies = (
			);
			name = ShopApp;
			productName = ShopApp;
			productReference = 3ACF06E02963F1A9004DD16D /* ShopApp.app */;
			productType = "com.apple.product-type.application";
		};
/* End PBXNativeTarget section */

/* Begin PBXProject section */
		3ACF06D82963F1A9004DD16D /* Project object */ = {
			isa = PBXProject;
			attributes = {
				BuildIndependentTargetsInParallel = 1;
				LastSwiftUpdateCheck = 1420;
				LastUpgradeCheck = 1420;
				TargetAttributes = {
					3ACF06DF2963F1A9004DD16D = {
						CreatedOnToolsVersion = 14.2;
					};
				};
			};
			buildConfigurationList = 3ACF06DB2963F1A9004DD16D /* Build configuration list for PBXProject "ShopApp" */;
			compatibilityVersion = "Xcode 14.0";
			developmentRegion = en;
			hasScannedForEncodings = 0;
			knownRegions = (
				en,
				Base,
			);
			mainGroup = 3ACF06D72963F1A9004DD16D;
			productRefGroup = 3ACF06E12963F1A9004DD16D /* Products */;
			projectDirPath = "";
			projectRoot = "";
			targets = (
				3ACF06DF2963F1A9004DD16D /* ShopApp */,
			);
		};
/* End PBXProject section */

/* Begin PBXResourcesBuildPhase section */
		3ACF06DE2963F1A9004DD16D /* Resources */ = {
			isa = PBXResourcesBuildPhase;
			buildActionMask = 2147483647;
			files = (
				3ACF06EB2963F1AB004DD16D /* Preview Assets.xcassets in Resources */,
				3ACF06E82963F1AB004DD16D /* Assets.xcassets in Resources */,
			);
			runOnlyForDeploymentPostprocessing = 0;
		};
/* End PBXResourcesBuildPhase section */

/* Begin PBXSourcesBuildPhase section */
		3ACF06DC2963F1A9004DD16D /* Sources */ = {
			isa = PBXSourcesBuildPhase;
			buildActionMask = 2147483647;
			files = (
				3AB187BF296483A40010B711 /* SelectHomeSubView.swift in Sources */,
				3AB187C52965D72A0010B711 /* CircleView.swift in Sources */,
				3AB187B429641C8D0010B711 /* Colors.swift in Sources */,
				3AB187B629641F6F0010B711 /* Localization.swift in Sources */,
				3AB187A3296408B40010B711 /* CoordinatorObject.swift in Sources */,
				3AB187BB296424E50010B711 /* TopHomeSubView.swift in Sources */,
				3AB187C92965DD1D0010B711 /* SearchAndQRView.swift in Sources */,
				3AB187BD296473EA0010B711 /* HomeScreenModel.swift in Sources */,
				3AB187D229660FD00010B711 /* FetchImage.swift in Sources */,
				3AB187C32965D4E40010B711 /* PriceAndNameView.swift in Sources */,
				3AB187B8296420360010B711 /* Images.swift in Sources */,
				3AB187CB2965DD8B0010B711 /* HotSalesView.swift in Sources */,
				3AB187C12964850C0010B711 /* HeaderView.swift in Sources */,
				3AB187CD2965E4800010B711 /* SelectCategoryView.swift in Sources */,
				3AB187CF2965F4C80010B711 /* ModelService.swift in Sources */,
				3AB187C72965DC6F0010B711 /* BestSellerView.swift in Sources */,
				3AB187A1296408840010B711 /* CoordinatorView.swift in Sources */,
				3AB187AA29640AA40010B711 /* Model.swift in Sources */,
				3AB187A6296408FD0010B711 /* MainView.swift in Sources */,
				3ACF06E42963F1A9004DD16D /* ShopAppApp.swift in Sources */,
				3AB187B2296415CE0010B711 /* Fonts.swift in Sources */,
				3AB187B02964139C0010B711 /* CartViewModel.swift in Sources */,
				3AB187AE296413850010B711 /* CartView.swift in Sources */,
				3AB187A8296409250010B711 /* MainViewModel.swift in Sources */,
			);
			runOnlyForDeploymentPostprocessing = 0;
		};
/* End PBXSourcesBuildPhase section */

/* Begin XCBuildConfiguration section */
		3ACF06EC2963F1AB004DD16D /* Debug */ = {
			isa = XCBuildConfiguration;
			buildSettings = {
				ALWAYS_SEARCH_USER_PATHS = NO;
				CLANG_ANALYZER_NONNULL = YES;
				CLANG_ANALYZER_NUMBER_OBJECT_CONVERSION = YES_AGGRESSIVE;
				CLANG_CXX_LANGUAGE_STANDARD = "gnu++20";
				CLANG_ENABLE_MODULES = YES;
				CLANG_ENABLE_OBJC_ARC = YES;
				CLANG_ENABLE_OBJC_WEAK = YES;
				CLANG_WARN_BLOCK_CAPTURE_AUTORELEASING = YES;
				CLANG_WARN_BOOL_CONVERSION = YES;
				CLANG_WARN_COMMA = YES;
				CLANG_WARN_CONSTANT_CONVERSION = YES;
				CLANG_WARN_DEPRECATED_OBJC_IMPLEMENTATIONS = YES;
				CLANG_WARN_DIRECT_OBJC_ISA_USAGE = YES_ERROR;
				CLANG_WARN_DOCUMENTATION_COMMENTS = YES;
				CLANG_WARN_EMPTY_BODY = YES;
				CLANG_WARN_ENUM_CONVERSION = YES;
				CLANG_WARN_INFINITE_RECURSION = YES;
				CLANG_WARN_INT_CONVERSION = YES;
				CLANG_WARN_NON_LITERAL_NULL_CONVERSION = YES;
				CLANG_WARN_OBJC_IMPLICIT_RETAIN_SELF = YES;
				CLANG_WARN_OBJC_LITERAL_CONVERSION = YES;
				CLANG_WARN_OBJC_ROOT_CLASS = YES_ERROR;
				CLANG_WARN_QUOTED_INCLUDE_IN_FRAMEWORK_HEADER = YES;
				CLANG_WARN_RANGE_LOOP_ANALYSIS = YES;
				CLANG_WARN_STRICT_PROTOTYPES = YES;
				CLANG_WARN_SUSPICIOUS_MOVE = YES;
				CLANG_WARN_UNGUARDED_AVAILABILITY = YES_AGGRESSIVE;
				CLANG_WARN_UNREACHABLE_CODE = YES;
				CLANG_WARN__DUPLICATE_METHOD_MATCH = YES;
				COPY_PHASE_STRIP = NO;
				DEBUG_INFORMATION_FORMAT = dwarf;
				ENABLE_STRICT_OBJC_MSGSEND = YES;
				ENABLE_TESTABILITY = YES;
				GCC_C_LANGUAGE_STANDARD = gnu11;
				GCC_DYNAMIC_NO_PIC = NO;
				GCC_NO_COMMON_BLOCKS = YES;
				GCC_OPTIMIZATION_LEVEL = 0;
				GCC_PREPROCESSOR_DEFINITIONS = (
					"DEBUG=1",
					"$(inherited)",
				);
				GCC_WARN_64_TO_32_BIT_CONVERSION = YES;
				GCC_WARN_ABOUT_RETURN_TYPE = YES_ERROR;
				GCC_WARN_UNDECLARED_SELECTOR = YES;
				GCC_WARN_UNINITIALIZED_AUTOS = YES_AGGRESSIVE;
				GCC_WARN_UNUSED_FUNCTION = YES;
				GCC_WARN_UNUSED_VARIABLE = YES;
				IPHONEOS_DEPLOYMENT_TARGET = 16.2;
				MTL_ENABLE_DEBUG_INFO = INCLUDE_SOURCE;
				MTL_FAST_MATH = YES;
				ONLY_ACTIVE_ARCH = YES;
				SDKROOT = iphoneos;
				SWIFT_ACTIVE_COMPILATION_CONDITIONS = DEBUG;
				SWIFT_OPTIMIZATION_LEVEL = "-Onone";
			};
			name = Debug;
		};
		3ACF06ED2963F1AB004DD16D /* Release */ = {
			isa = XCBuildConfiguration;
			buildSettings = {
				ALWAYS_SEARCH_USER_PATHS = NO;
				CLANG_ANALYZER_NONNULL = YES;
				CLANG_ANALYZER_NUMBER_OBJECT_CONVERSION = YES_AGGRESSIVE;
				CLANG_CXX_LANGUAGE_STANDARD = "gnu++20";
				CLANG_ENABLE_MODULES = YES;
				CLANG_ENABLE_OBJC_ARC = YES;
				CLANG_ENABLE_OBJC_WEAK = YES;
				CLANG_WARN_BLOCK_CAPTURE_AUTORELEASING = YES;
				CLANG_WARN_BOOL_CONVERSION = YES;
				CLANG_WARN_COMMA = YES;
				CLANG_WARN_CONSTANT_CONVERSION = YES;
				CLANG_WARN_DEPRECATED_OBJC_IMPLEMENTATIONS = YES;
				CLANG_WARN_DIRECT_OBJC_ISA_USAGE = YES_ERROR;
				CLANG_WARN_DOCUMENTATION_COMMENTS = YES;
				CLANG_WARN_EMPTY_BODY = YES;
				CLANG_WARN_ENUM_CONVERSION = YES;
				CLANG_WARN_INFINITE_RECURSION = YES;
				CLANG_WARN_INT_CONVERSION = YES;
				CLANG_WARN_NON_LITERAL_NULL_CONVERSION = YES;
				CLANG_WARN_OBJC_IMPLICIT_RETAIN_SELF = YES;
				CLANG_WARN_OBJC_LITERAL_CONVERSION = YES;
				CLANG_WARN_OBJC_ROOT_CLASS = YES_ERROR;
				CLANG_WARN_QUOTED_INCLUDE_IN_FRAMEWORK_HEADER = YES;
				CLANG_WARN_RANGE_LOOP_ANALYSIS = YES;
				CLANG_WARN_STRICT_PROTOTYPES = YES;
				CLANG_WARN_SUSPICIOUS_MOVE = YES;
				CLANG_WARN_UNGUARDED_AVAILABILITY = YES_AGGRESSIVE;
				CLANG_WARN_UNREACHABLE_CODE = YES;
				CLANG_WARN__DUPLICATE_METHOD_MATCH = YES;
				COPY_PHASE_STRIP = NO;
				DEBUG_INFORMATION_FORMAT = "dwarf-with-dsym";
				ENABLE_NS_ASSERTIONS = NO;
				ENABLE_STRICT_OBJC_MSGSEND = YES;
				GCC_C_LANGUAGE_STANDARD = gnu11;
				GCC_NO_COMMON_BLOCKS = YES;
				GCC_WARN_64_TO_32_BIT_CONVERSION = YES;
				GCC_WARN_ABOUT_RETURN_TYPE = YES_ERROR;
				GCC_WARN_UNDECLARED_SELECTOR = YES;
				GCC_WARN_UNINITIALIZED_AUTOS = YES_AGGRESSIVE;
				GCC_WARN_UNUSED_FUNCTION = YES;
				GCC_WARN_UNUSED_VARIABLE = YES;
				IPHONEOS_DEPLOYMENT_TARGET = 16.2;
				MTL_ENABLE_DEBUG_INFO = NO;
				MTL_FAST_MATH = YES;
				SDKROOT = iphoneos;
				SWIFT_COMPILATION_MODE = wholemodule;
				SWIFT_OPTIMIZATION_LEVEL = "-O";
				VALIDATE_PRODUCT = YES;
			};
			name = Release;
		};
		3ACF06EF2963F1AB004DD16D /* Debug */ = {
			isa = XCBuildConfiguration;
			buildSettings = {
				ASSETCATALOG_COMPILER_APPICON_NAME = AppIcon;
				ASSETCATALOG_COMPILER_GLOBAL_ACCENT_COLOR_NAME = AccentColor;
				CODE_SIGN_STYLE = Automatic;
				CURRENT_PROJECT_VERSION = 1;
				DEVELOPMENT_ASSET_PATHS = "\"ShopApp/Preview Content\"";
				DEVELOPMENT_TEAM = XPDQ86R58G;
				ENABLE_PREVIEWS = YES;
				GENERATE_INFOPLIST_FILE = YES;
				INFOPLIST_KEY_UIApplicationSceneManifest_Generation = YES;
				INFOPLIST_KEY_UIApplicationSupportsIndirectInputEvents = YES;
				INFOPLIST_KEY_UILaunchScreen_Generation = YES;
				INFOPLIST_KEY_UISupportedInterfaceOrientations_iPad = "UIInterfaceOrientationPortrait UIInterfaceOrientationPortraitUpsideDown UIInterfaceOrientationLandscapeLeft UIInterfaceOrientationLandscapeRight";
				INFOPLIST_KEY_UISupportedInterfaceOrientations_iPhone = "UIInterfaceOrientationPortrait UIInterfaceOrientationLandscapeLeft UIInterfaceOrientationLandscapeRight";
				IPHONEOS_DEPLOYMENT_TARGET = 15.2;
				LD_RUNPATH_SEARCH_PATHS = (
					"$(inherited)",
					"@executable_path/Frameworks",
				);
				MARKETING_VERSION = 1.0;
				PRODUCT_BUNDLE_IDENTIFIER = com.my.ShopApp;
				PRODUCT_NAME = "$(TARGET_NAME)";
				SWIFT_EMIT_LOC_STRINGS = YES;
				SWIFT_VERSION = 5.0;
				TARGETED_DEVICE_FAMILY = "1,2";
			};
			name = Debug;
		};
		3ACF06F02963F1AB004DD16D /* Release */ = {
			isa = XCBuildConfiguration;
			buildSettings = {
				ASSETCATALOG_COMPILER_APPICON_NAME = AppIcon;
				ASSETCATALOG_COMPILER_GLOBAL_ACCENT_COLOR_NAME = AccentColor;
				CODE_SIGN_STYLE = Automatic;
				CURRENT_PROJECT_VERSION = 1;
				DEVELOPMENT_ASSET_PATHS = "\"ShopApp/Preview Content\"";
				DEVELOPMENT_TEAM = XPDQ86R58G;
				ENABLE_PREVIEWS = YES;
				GENERATE_INFOPLIST_FILE = YES;
				INFOPLIST_KEY_UIApplicationSceneManifest_Generation = YES;
				INFOPLIST_KEY_UIApplicationSupportsIndirectInputEvents = YES;
				INFOPLIST_KEY_UILaunchScreen_Generation = YES;
				INFOPLIST_KEY_UISupportedInterfaceOrientations_iPad = "UIInterfaceOrientationPortrait UIInterfaceOrientationPortraitUpsideDown UIInterfaceOrientationLandscapeLeft UIInterfaceOrientationLandscapeRight";
				INFOPLIST_KEY_UISupportedInterfaceOrientations_iPhone = "UIInterfaceOrientationPortrait UIInterfaceOrientationLandscapeLeft UIInterfaceOrientationLandscapeRight";
				IPHONEOS_DEPLOYMENT_TARGET = 15.2;
				LD_RUNPATH_SEARCH_PATHS = (
					"$(inherited)",
					"@executable_path/Frameworks",
				);
				MARKETING_VERSION = 1.0;
				PRODUCT_BUNDLE_IDENTIFIER = com.my.ShopApp;
				PRODUCT_NAME = "$(TARGET_NAME)";
				SWIFT_EMIT_LOC_STRINGS = YES;
				SWIFT_VERSION = 5.0;
				TARGETED_DEVICE_FAMILY = "1,2";
			};
			name = Release;
		};
/* End XCBuildConfiguration section */

/* Begin XCConfigurationList section */
		3ACF06DB2963F1A9004DD16D /* Build configuration list for PBXProject "ShopApp" */ = {
			isa = XCConfigurationList;
			buildConfigurations = (
				3ACF06EC2963F1AB004DD16D /* Debug */,
				3ACF06ED2963F1AB004DD16D /* Release */,
			);
			defaultConfigurationIsVisible = 0;
			defaultConfigurationName = Release;
		};
		3ACF06EE2963F1AB004DD16D /* Build configuration list for PBXNativeTarget "ShopApp" */ = {
			isa = XCConfigurationList;
			buildConfigurations = (
				3ACF06EF2963F1AB004DD16D /* Debug */,
				3ACF06F02963F1AB004DD16D /* Release */,
			);
			defaultConfigurationIsVisible = 0;
			defaultConfigurationName = Release;
		};
/* End XCConfigurationList section */
	};
	rootObject = 3ACF06D82963F1A9004DD16D /* Project object */;
}
